// !$*UTF8*$!
{
	archiveVersion = 1;
	classes = {
	};
	objectVersion = 48;
	objects = {

/* Begin PBXBuildFile section */
		45F2FBB402940DD685A36213 /* ALLoginAssembly.m in Sources */ = {isa = PBXBuildFile; fileRef = F308BFBD324DAC3F73454501 /* ALLoginAssembly.m */; };
		5E0D447625C132D31348045B /* ALMainDetailAssembly.m in Sources */ = {isa = PBXBuildFile; fileRef = 935BE77B48E8697053688568 /* ALMainDetailAssembly.m */; };
		662964F66CE4F71442647584 /* ALMainView.m in Sources */ = {isa = PBXBuildFile; fileRef = A7C182C8CE622129A728471A /* ALMainView.m */; };
		6DD8B611494E8AA69CDE03F5 /* ALMainInteractor.m in Sources */ = {isa = PBXBuildFile; fileRef = A6197FCCA087DD0C578C68E9 /* ALMainInteractor.m */; };
		82E3270394B09769406571A7 /* ALMainDetailView.m in Sources */ = {isa = PBXBuildFile; fileRef = FDC1C05B84B1438CDDD0258C /* ALMainDetailView.m */; };
		85D535F9FB21913197D83856 /* ALLoginRouter.m in Sources */ = {isa = PBXBuildFile; fileRef = 1415E7C065EFFED6255574AE /* ALLoginRouter.m */; };
		8A4CFCB02087C0AE007FAF59 /* ALMainTableItemImage.m in Sources */ = {isa = PBXBuildFile; fileRef = 8A4CFCAF2087C0AE007FAF59 /* ALMainTableItemImage.m */; };
		8A5638352088E45F0055E5DE /* ALMainDetailTableCell.m in Sources */ = {isa = PBXBuildFile; fileRef = 8A5638342088E45F0055E5DE /* ALMainDetailTableCell.m */; };
		8A56383A2088E4910055E5DE /* ALMainDetailTableItem.m in Sources */ = {isa = PBXBuildFile; fileRef = 8A5638392088E4910055E5DE /* ALMainDetailTableItem.m */; };
		8A6525A29D9EE390292B2A3F /* ALMainRouter.m in Sources */ = {isa = PBXBuildFile; fileRef = A12CDE3E64DF327FE1F40FDF /* ALMainRouter.m */; };
		8A8C96DA2076A47A0015ADB2 /* AppDelegate.m in Sources */ = {isa = PBXBuildFile; fileRef = 8A8C96D92076A47A0015ADB2 /* AppDelegate.m */; };
		8A8C96E22076A47A0015ADB2 /* Assets.xcassets in Resources */ = {isa = PBXBuildFile; fileRef = 8A8C96E12076A47A0015ADB2 /* Assets.xcassets */; };
		8A8C96E52076A47A0015ADB2 /* LaunchScreen.storyboard in Resources */ = {isa = PBXBuildFile; fileRef = 8A8C96E32076A47A0015ADB2 /* LaunchScreen.storyboard */; };
		8A8C96E82076A47A0015ADB2 /* main.m in Sources */ = {isa = PBXBuildFile; fileRef = 8A8C96E72076A47A0015ADB2 /* main.m */; };
		8A8C96F22076A47B0015ADB2 /* ALImageLabraryTests.m in Sources */ = {isa = PBXBuildFile; fileRef = 8A8C96F12076A47B0015ADB2 /* ALImageLabraryTests.m */; };
		8A8C96FD2076A47B0015ADB2 /* ALImageLabraryUITests.m in Sources */ = {isa = PBXBuildFile; fileRef = 8A8C96FC2076A47B0015ADB2 /* ALImageLabraryUITests.m */; };
		8A8C97102076A7500015ADB2 /* Localizable.strings in Resources */ = {isa = PBXBuildFile; fileRef = 8A8C97122076A7500015ADB2 /* Localizable.strings */; };
		8A8C97272076BDD20015ADB2 /* UIViewController+ALViperModuleTransitionHandler.m in Sources */ = {isa = PBXBuildFile; fileRef = 8A8C97212076BDD20015ADB2 /* UIViewController+ALViperModuleTransitionHandler.m */; };
		8A8C97282076BDD20015ADB2 /* ALView.m in Sources */ = {isa = PBXBuildFile; fileRef = 8A8C97262076BDD20015ADB2 /* ALView.m */; };
		8A8F31D720877F2D00F9C026 /* ALMainTableCell.m in Sources */ = {isa = PBXBuildFile; fileRef = 8A8F31D620877F2D00F9C026 /* ALMainTableCell.m */; };
		8A8F31DA20877FE900F9C026 /* ALMainTableItem.m in Sources */ = {isa = PBXBuildFile; fileRef = 8A8F31D920877FE900F9C026 /* ALMainTableItem.m */; };
		8AA866CC2077F4580037C232 /* UIColor+ALColors.m in Sources */ = {isa = PBXBuildFile; fileRef = 8AA866CB2077F4580037C232 /* UIColor+ALColors.m */; };
		8AA866D62077F4830037C232 /* ALDateFormatter.m in Sources */ = {isa = PBXBuildFile; fileRef = 8AA866CF2077F4830037C232 /* ALDateFormatter.m */; };
		8AA866D82077F4830037C232 /* ALServerFactory.m in Sources */ = {isa = PBXBuildFile; fileRef = 8AA866D52077F4830037C232 /* ALServerFactory.m */; };
		8AA866DC2077F4980037C232 /* UIFont+ALFonts.m in Sources */ = {isa = PBXBuildFile; fileRef = 8AA866DB2077F4980037C232 /* UIFont+ALFonts.m */; };
		8AA866E52077F4C10037C232 /* ALConnectionService.m in Sources */ = {isa = PBXBuildFile; fileRef = 8AA866E12077F4C10037C232 /* ALConnectionService.m */; };
		8AA866E62077F4C10037C232 /* ALLocationService.m in Sources */ = {isa = PBXBuildFile; fileRef = 8AA866E42077F4C10037C232 /* ALLocationService.m */; };
		8AA866F42077F69B0037C232 /* ALAlertAction.m in Sources */ = {isa = PBXBuildFile; fileRef = 8AA866EA2077F69B0037C232 /* ALAlertAction.m */; };
		8AA866F52077F69B0037C232 /* ALAlertDescription.m in Sources */ = {isa = PBXBuildFile; fileRef = 8AA866EC2077F69B0037C232 /* ALAlertDescription.m */; };
		8AA866F62077F69B0037C232 /* ALAletViewController.m in Sources */ = {isa = PBXBuildFile; fileRef = 8AA866EF2077F69B0037C232 /* ALAletViewController.m */; };
		8AA866F72077F69B0037C232 /* UIAlertController+Present.m in Sources */ = {isa = PBXBuildFile; fileRef = 8AA866F12077F69B0037C232 /* UIAlertController+Present.m */; };
		8AA866F82077F69B0037C232 /* ALAlertManager.m in Sources */ = {isa = PBXBuildFile; fileRef = 8AA866F32077F69B0037C232 /* ALAlertManager.m */; };
		8AA866FE2077F7D30037C232 /* ALRootRouter.m in Sources */ = {isa = PBXBuildFile; fileRef = 8AA866FD2077F7D30037C232 /* ALRootRouter.m */; };
		8B62DE7262795751B4330DF5 /* ALLoginView.m in Sources */ = {isa = PBXBuildFile; fileRef = 364C3A64E39ADC896E8ECCEE /* ALLoginView.m */; };
		91D468ECBC787ECF1983A11C /* ALMainDetailRouter.m in Sources */ = {isa = PBXBuildFile; fileRef = C73DE947686C65BB28952DBA /* ALMainDetailRouter.m */; };
		981732FD6084061AF7AB51A1 /* ALMainDetailViewController.m in Sources */ = {isa = PBXBuildFile; fileRef = 3F4FCF6EEFD10A846F91153D /* ALMainDetailViewController.m */; };
		9F51CBBD88E65FE5822816A3 /* ALLoginViewController.m in Sources */ = {isa = PBXBuildFile; fileRef = A6199F08F58FFCDC063697C4 /* ALLoginViewController.m */; };
		A4DF7627D05E7D415D50DF03 /* ALLoginPresenter.m in Sources */ = {isa = PBXBuildFile; fileRef = 39AA9D8E25791DC2ED1CCB20 /* ALLoginPresenter.m */; };
		A7F631F4DBF336957EB22CFB /* Pods_ALImageLabrary.framework in Frameworks */ = {isa = PBXBuildFile; fileRef = 3B639F6B5A014C177490C52F /* Pods_ALImageLabrary.framework */; };
		A9156B6350DDDBC716F08C68 /* ALMainPresenter.m in Sources */ = {isa = PBXBuildFile; fileRef = 5271E4D396806E44D8DC0B6D /* ALMainPresenter.m */; };
		B83F4FFD52590C9C2157BE75 /* ALMainDetailPresenter.m in Sources */ = {isa = PBXBuildFile; fileRef = 71173530B35DC616839FF244 /* ALMainDetailPresenter.m */; };
		BB23E049E3BCB79FA1B727DB /* ALMainAssembly.m in Sources */ = {isa = PBXBuildFile; fileRef = 7FAD8332244C68C8183A2FA8 /* ALMainAssembly.m */; };
		C2CDA46199D19DA1052E72BC /* ALMainViewController.m in Sources */ = {isa = PBXBuildFile; fileRef = F537B27CCE77D27C7808777D /* ALMainViewController.m */; };
		E676A8A17A25A409D9C9CD22 /* ALMainDetailInteractor.m in Sources */ = {isa = PBXBuildFile; fileRef = ADD91ED4A5BBEEAC59209032 /* ALMainDetailInteractor.m */; };
		EE8D97186F7D2C1B5F540006 /* ALLoginInteractor.m in Sources */ = {isa = PBXBuildFile; fileRef = B2C7F6D16ED6E04E9A7735EB /* ALLoginInteractor.m */; };
/* End PBXBuildFile section */

/* Begin PBXContainerItemProxy section */
		8A8C96EE2076A47B0015ADB2 /* PBXContainerItemProxy */ = {
			isa = PBXContainerItemProxy;
			containerPortal = 8A8C96CD2076A47A0015ADB2 /* Project object */;
			proxyType = 1;
			remoteGlobalIDString = 8A8C96D42076A47A0015ADB2;
			remoteInfo = ALImageLabrary;
		};
		8A8C96F92076A47B0015ADB2 /* PBXContainerItemProxy */ = {
			isa = PBXContainerItemProxy;
			containerPortal = 8A8C96CD2076A47A0015ADB2 /* Project object */;
			proxyType = 1;
			remoteGlobalIDString = 8A8C96D42076A47A0015ADB2;
			remoteInfo = ALImageLabrary;
		};
/* End PBXContainerItemProxy section */

/* Begin PBXFileReference section */
		0823BBC4410C93565434D3D5 /* ALMainViewInput.h */ = {isa = PBXFileReference; includeInIndex = 1; lastKnownFileType = sourcecode.c.h; path = ALMainViewInput.h; sourceTree = "<group>"; };
		0BD4322624689E593ED6D31B /* ALMainDetailInteractor.h */ = {isa = PBXFileReference; includeInIndex = 1; lastKnownFileType = sourcecode.c.h; path = ALMainDetailInteractor.h; sourceTree = "<group>"; };
		0CD3FC816DA919A15F3627AF /* ALLoginView.h */ = {isa = PBXFileReference; includeInIndex = 1; lastKnownFileType = sourcecode.c.h; path = ALLoginView.h; sourceTree = "<group>"; };
		1415E7C065EFFED6255574AE /* ALLoginRouter.m */ = {isa = PBXFileReference; includeInIndex = 1; lastKnownFileType = sourcecode.c.objc; path = ALLoginRouter.m; sourceTree = "<group>"; };
		155BC646854809381FD8793C /* ALLoginInteractor.h */ = {isa = PBXFileReference; includeInIndex = 1; lastKnownFileType = sourcecode.c.h; path = ALLoginInteractor.h; sourceTree = "<group>"; };
		1EB078A1630661BD8FF2CE33 /* ALMainDetailViewOutput.h */ = {isa = PBXFileReference; includeInIndex = 1; lastKnownFileType = sourcecode.c.h; path = ALMainDetailViewOutput.h; sourceTree = "<group>"; };
		352E54C107CEC9E42EEB617C /* Pods-ALImageLabrary.release.xcconfig */ = {isa = PBXFileReference; includeInIndex = 1; lastKnownFileType = text.xcconfig; name = "Pods-ALImageLabrary.release.xcconfig"; path = "Pods/Target Support Files/Pods-ALImageLabrary/Pods-ALImageLabrary.release.xcconfig"; sourceTree = "<group>"; };
		364C3A64E39ADC896E8ECCEE /* ALLoginView.m */ = {isa = PBXFileReference; includeInIndex = 1; lastKnownFileType = sourcecode.c.objc; path = ALLoginView.m; sourceTree = "<group>"; };
		38EBE2FAB406C37110B05F40 /* ALMainDetailView.h */ = {isa = PBXFileReference; includeInIndex = 1; lastKnownFileType = sourcecode.c.h; path = ALMainDetailView.h; sourceTree = "<group>"; };
		39AA9D8E25791DC2ED1CCB20 /* ALLoginPresenter.m */ = {isa = PBXFileReference; includeInIndex = 1; lastKnownFileType = sourcecode.c.objc; path = ALLoginPresenter.m; sourceTree = "<group>"; };
		3B639F6B5A014C177490C52F /* Pods_ALImageLabrary.framework */ = {isa = PBXFileReference; explicitFileType = wrapper.framework; includeInIndex = 0; path = Pods_ALImageLabrary.framework; sourceTree = BUILT_PRODUCTS_DIR; };
		3F4FCF6EEFD10A846F91153D /* ALMainDetailViewController.m */ = {isa = PBXFileReference; includeInIndex = 1; lastKnownFileType = sourcecode.c.objc; path = ALMainDetailViewController.m; sourceTree = "<group>"; };
		40EF3965F63B7A1D66FECFDB /* ALMainViewOutput.h */ = {isa = PBXFileReference; includeInIndex = 1; lastKnownFileType = sourcecode.c.h; path = ALMainViewOutput.h; sourceTree = "<group>"; };
		413BFF015241AC176192CB5E /* ALMainPresenter.h */ = {isa = PBXFileReference; includeInIndex = 1; lastKnownFileType = sourcecode.c.h; path = ALMainPresenter.h; sourceTree = "<group>"; };
		4622165C3A6A74B4296EA831 /* ALMainViewController.h */ = {isa = PBXFileReference; includeInIndex = 1; lastKnownFileType = sourcecode.c.h; path = ALMainViewController.h; sourceTree = "<group>"; };
		4ABCE2890BD54F1A2306B2EF /* ALLoginRouter.h */ = {isa = PBXFileReference; includeInIndex = 1; lastKnownFileType = sourcecode.c.h; path = ALLoginRouter.h; sourceTree = "<group>"; };
		4F4AAD14AD733072D77F40D2 /* ALMainInteractor.h */ = {isa = PBXFileReference; includeInIndex = 1; lastKnownFileType = sourcecode.c.h; path = ALMainInteractor.h; sourceTree = "<group>"; };
		5271E4D396806E44D8DC0B6D /* ALMainPresenter.m */ = {isa = PBXFileReference; includeInIndex = 1; lastKnownFileType = sourcecode.c.objc; path = ALMainPresenter.m; sourceTree = "<group>"; };
		657AA9E6CADCE46CAEB7FB22 /* Pods-ALImageLabrary.debug.xcconfig */ = {isa = PBXFileReference; includeInIndex = 1; lastKnownFileType = text.xcconfig; name = "Pods-ALImageLabrary.debug.xcconfig"; path = "Pods/Target Support Files/Pods-ALImageLabrary/Pods-ALImageLabrary.debug.xcconfig"; sourceTree = "<group>"; };
		67FED49F14B00690EC3021BC /* ALMainDetailAssembly.h */ = {isa = PBXFileReference; includeInIndex = 1; lastKnownFileType = sourcecode.c.h; path = ALMainDetailAssembly.h; sourceTree = "<group>"; };
		6F771A3ED4561D12ED97B1A2 /* ALMainDetailRouter.h */ = {isa = PBXFileReference; includeInIndex = 1; lastKnownFileType = sourcecode.c.h; path = ALMainDetailRouter.h; sourceTree = "<group>"; };
		71173530B35DC616839FF244 /* ALMainDetailPresenter.m */ = {isa = PBXFileReference; includeInIndex = 1; lastKnownFileType = sourcecode.c.objc; path = ALMainDetailPresenter.m; sourceTree = "<group>"; };
		756FF7327993F2EFFF606EB4 /* ALMainModuleOutput.h */ = {isa = PBXFileReference; includeInIndex = 1; lastKnownFileType = sourcecode.c.h; path = ALMainModuleOutput.h; sourceTree = "<group>"; };
		77A1B8E6B330BAE609CED497 /* ALMainDetailViewController.h */ = {isa = PBXFileReference; includeInIndex = 1; lastKnownFileType = sourcecode.c.h; path = ALMainDetailViewController.h; sourceTree = "<group>"; };
		7E4780F3968BCE34416B403F /* ALMainDetailInteractorInput.h */ = {isa = PBXFileReference; includeInIndex = 1; lastKnownFileType = sourcecode.c.h; path = ALMainDetailInteractorInput.h; sourceTree = "<group>"; };
		7FAD8332244C68C8183A2FA8 /* ALMainAssembly.m */ = {isa = PBXFileReference; includeInIndex = 1; lastKnownFileType = sourcecode.c.objc; path = ALMainAssembly.m; sourceTree = "<group>"; };
		84BB5924BE6FFDF7BDD5CB20 /* ALLoginViewInput.h */ = {isa = PBXFileReference; includeInIndex = 1; lastKnownFileType = sourcecode.c.h; path = ALLoginViewInput.h; sourceTree = "<group>"; };
		8970AB076EEB84C084C7E179 /* ALLoginInteractorInput.h */ = {isa = PBXFileReference; includeInIndex = 1; lastKnownFileType = sourcecode.c.h; path = ALLoginInteractorInput.h; sourceTree = "<group>"; };
		8A4CFCAE2087C0AE007FAF59 /* ALMainTableItemImage.h */ = {isa = PBXFileReference; lastKnownFileType = sourcecode.c.h; path = ALMainTableItemImage.h; sourceTree = "<group>"; };
		8A4CFCAF2087C0AE007FAF59 /* ALMainTableItemImage.m */ = {isa = PBXFileReference; lastKnownFileType = sourcecode.c.objc; path = ALMainTableItemImage.m; sourceTree = "<group>"; };
		8A5638332088E45F0055E5DE /* ALMainDetailTableCell.h */ = {isa = PBXFileReference; lastKnownFileType = sourcecode.c.h; path = ALMainDetailTableCell.h; sourceTree = "<group>"; };
		8A5638342088E45F0055E5DE /* ALMainDetailTableCell.m */ = {isa = PBXFileReference; lastKnownFileType = sourcecode.c.objc; path = ALMainDetailTableCell.m; sourceTree = "<group>"; };
		8A5638382088E4910055E5DE /* ALMainDetailTableItem.h */ = {isa = PBXFileReference; lastKnownFileType = sourcecode.c.h; path = ALMainDetailTableItem.h; sourceTree = "<group>"; };
		8A5638392088E4910055E5DE /* ALMainDetailTableItem.m */ = {isa = PBXFileReference; lastKnownFileType = sourcecode.c.objc; path = ALMainDetailTableItem.m; sourceTree = "<group>"; };
		8A8C96D52076A47A0015ADB2 /* ALImageLabrary.app */ = {isa = PBXFileReference; explicitFileType = wrapper.application; includeInIndex = 0; path = ALImageLabrary.app; sourceTree = BUILT_PRODUCTS_DIR; };
		8A8C96D82076A47A0015ADB2 /* AppDelegate.h */ = {isa = PBXFileReference; lastKnownFileType = sourcecode.c.h; path = AppDelegate.h; sourceTree = "<group>"; };
		8A8C96D92076A47A0015ADB2 /* AppDelegate.m */ = {isa = PBXFileReference; lastKnownFileType = sourcecode.c.objc; path = AppDelegate.m; sourceTree = "<group>"; };
		8A8C96E12076A47A0015ADB2 /* Assets.xcassets */ = {isa = PBXFileReference; lastKnownFileType = folder.assetcatalog; path = Assets.xcassets; sourceTree = "<group>"; };
		8A8C96E42076A47A0015ADB2 /* Base */ = {isa = PBXFileReference; lastKnownFileType = file.storyboard; name = Base; path = Base.lproj/LaunchScreen.storyboard; sourceTree = "<group>"; };
		8A8C96E62076A47A0015ADB2 /* Info.plist */ = {isa = PBXFileReference; lastKnownFileType = text.plist.xml; path = Info.plist; sourceTree = "<group>"; };
		8A8C96E72076A47A0015ADB2 /* main.m */ = {isa = PBXFileReference; lastKnownFileType = sourcecode.c.objc; path = main.m; sourceTree = "<group>"; };
		8A8C96ED2076A47B0015ADB2 /* ALImageLabraryTests.xctest */ = {isa = PBXFileReference; explicitFileType = wrapper.cfbundle; includeInIndex = 0; path = ALImageLabraryTests.xctest; sourceTree = BUILT_PRODUCTS_DIR; };
		8A8C96F12076A47B0015ADB2 /* ALImageLabraryTests.m */ = {isa = PBXFileReference; lastKnownFileType = sourcecode.c.objc; path = ALImageLabraryTests.m; sourceTree = "<group>"; };
		8A8C96F32076A47B0015ADB2 /* Info.plist */ = {isa = PBXFileReference; lastKnownFileType = text.plist.xml; path = Info.plist; sourceTree = "<group>"; };
		8A8C96F82076A47B0015ADB2 /* ALImageLabraryUITests.xctest */ = {isa = PBXFileReference; explicitFileType = wrapper.cfbundle; includeInIndex = 0; path = ALImageLabraryUITests.xctest; sourceTree = BUILT_PRODUCTS_DIR; };
		8A8C96FC2076A47B0015ADB2 /* ALImageLabraryUITests.m */ = {isa = PBXFileReference; lastKnownFileType = sourcecode.c.objc; path = ALImageLabraryUITests.m; sourceTree = "<group>"; };
		8A8C96FE2076A47B0015ADB2 /* Info.plist */ = {isa = PBXFileReference; lastKnownFileType = text.plist.xml; path = Info.plist; sourceTree = "<group>"; };
		8A8C97112076A7500015ADB2 /* en */ = {isa = PBXFileReference; lastKnownFileType = text.plist.strings; name = en; path = en.lproj/Localizable.strings; sourceTree = "<group>"; };
		8A8C97132076A7530015ADB2 /* ru */ = {isa = PBXFileReference; lastKnownFileType = text.plist.strings; name = ru; path = ru.lproj/Localizable.strings; sourceTree = "<group>"; };
		8A8C97182076A8600015ADB2 /* ALImageLabrary-Prefix.pch */ = {isa = PBXFileReference; lastKnownFileType = sourcecode.c.h; path = "ALImageLabrary-Prefix.pch"; sourceTree = "<group>"; };
		8A8C97202076BDD20015ADB2 /* UIViewController+ALViperModuleTransitionHandler.h */ = {isa = PBXFileReference; fileEncoding = 4; lastKnownFileType = sourcecode.c.h; path = "UIViewController+ALViperModuleTransitionHandler.h"; sourceTree = "<group>"; };
		8A8C97212076BDD20015ADB2 /* UIViewController+ALViperModuleTransitionHandler.m */ = {isa = PBXFileReference; fileEncoding = 4; lastKnownFileType = sourcecode.c.objc; path = "UIViewController+ALViperModuleTransitionHandler.m"; sourceTree = "<group>"; };
		8A8C97222076BDD20015ADB2 /* ALViperModuleTransitionHandler.h */ = {isa = PBXFileReference; fileEncoding = 4; lastKnownFileType = sourcecode.c.h; path = ALViperModuleTransitionHandler.h; sourceTree = "<group>"; };
		8A8C97252076BDD20015ADB2 /* ALView.h */ = {isa = PBXFileReference; fileEncoding = 4; lastKnownFileType = sourcecode.c.h; path = ALView.h; sourceTree = "<group>"; };
		8A8C97262076BDD20015ADB2 /* ALView.m */ = {isa = PBXFileReference; fileEncoding = 4; lastKnownFileType = sourcecode.c.objc; path = ALView.m; sourceTree = "<group>"; };
		8A8F31D520877F2D00F9C026 /* ALMainTableCell.h */ = {isa = PBXFileReference; fileEncoding = 4; lastKnownFileType = sourcecode.c.h; path = ALMainTableCell.h; sourceTree = "<group>"; };
		8A8F31D620877F2D00F9C026 /* ALMainTableCell.m */ = {isa = PBXFileReference; fileEncoding = 4; lastKnownFileType = sourcecode.c.objc; path = ALMainTableCell.m; sourceTree = "<group>"; };
		8A8F31D820877FE900F9C026 /* ALMainTableItem.h */ = {isa = PBXFileReference; lastKnownFileType = sourcecode.c.h; path = ALMainTableItem.h; sourceTree = "<group>"; };
		8A8F31D920877FE900F9C026 /* ALMainTableItem.m */ = {isa = PBXFileReference; lastKnownFileType = sourcecode.c.objc; path = ALMainTableItem.m; sourceTree = "<group>"; };
		8AA866C72077F4170037C232 /* ALDefines.h */ = {isa = PBXFileReference; lastKnownFileType = sourcecode.c.h; path = ALDefines.h; sourceTree = "<group>"; };
		8AA866C82077F4320037C232 /* ALAssets.h */ = {isa = PBXFileReference; lastKnownFileType = sourcecode.c.h; path = ALAssets.h; sourceTree = "<group>"; };
		8AA866CA2077F4580037C232 /* UIColor+ALColors.h */ = {isa = PBXFileReference; fileEncoding = 4; lastKnownFileType = sourcecode.c.h; path = "UIColor+ALColors.h"; sourceTree = "<group>"; };
		8AA866CB2077F4580037C232 /* UIColor+ALColors.m */ = {isa = PBXFileReference; fileEncoding = 4; lastKnownFileType = sourcecode.c.objc; path = "UIColor+ALColors.m"; sourceTree = "<group>"; };
		8AA866CE2077F4830037C232 /* ALDateFormatter.h */ = {isa = PBXFileReference; fileEncoding = 4; lastKnownFileType = sourcecode.c.h; path = ALDateFormatter.h; sourceTree = "<group>"; };
		8AA866CF2077F4830037C232 /* ALDateFormatter.m */ = {isa = PBXFileReference; fileEncoding = 4; lastKnownFileType = sourcecode.c.objc; path = ALDateFormatter.m; sourceTree = "<group>"; };
		8AA866D42077F4830037C232 /* ALServerFactory.h */ = {isa = PBXFileReference; fileEncoding = 4; lastKnownFileType = sourcecode.c.h; path = ALServerFactory.h; sourceTree = "<group>"; };
		8AA866D52077F4830037C232 /* ALServerFactory.m */ = {isa = PBXFileReference; fileEncoding = 4; lastKnownFileType = sourcecode.c.objc; path = ALServerFactory.m; sourceTree = "<group>"; };
		8AA866DA2077F4980037C232 /* UIFont+ALFonts.h */ = {isa = PBXFileReference; fileEncoding = 4; lastKnownFileType = sourcecode.c.h; path = "UIFont+ALFonts.h"; sourceTree = "<group>"; };
		8AA866DB2077F4980037C232 /* UIFont+ALFonts.m */ = {isa = PBXFileReference; fileEncoding = 4; lastKnownFileType = sourcecode.c.objc; path = "UIFont+ALFonts.m"; sourceTree = "<group>"; };
		8AA866E02077F4C10037C232 /* ALConnectionService.h */ = {isa = PBXFileReference; fileEncoding = 4; lastKnownFileType = sourcecode.c.h; path = ALConnectionService.h; sourceTree = "<group>"; };
		8AA866E12077F4C10037C232 /* ALConnectionService.m */ = {isa = PBXFileReference; fileEncoding = 4; lastKnownFileType = sourcecode.c.objc; path = ALConnectionService.m; sourceTree = "<group>"; };
		8AA866E32077F4C10037C232 /* ALLocationService.h */ = {isa = PBXFileReference; fileEncoding = 4; lastKnownFileType = sourcecode.c.h; path = ALLocationService.h; sourceTree = "<group>"; };
		8AA866E42077F4C10037C232 /* ALLocationService.m */ = {isa = PBXFileReference; fileEncoding = 4; lastKnownFileType = sourcecode.c.objc; path = ALLocationService.m; sourceTree = "<group>"; };
		8AA866E92077F69B0037C232 /* ALAlertAction.h */ = {isa = PBXFileReference; fileEncoding = 4; lastKnownFileType = sourcecode.c.h; path = ALAlertAction.h; sourceTree = "<group>"; };
		8AA866EA2077F69B0037C232 /* ALAlertAction.m */ = {isa = PBXFileReference; fileEncoding = 4; lastKnownFileType = sourcecode.c.objc; path = ALAlertAction.m; sourceTree = "<group>"; };
		8AA866EB2077F69B0037C232 /* ALAlertDescription.h */ = {isa = PBXFileReference; fileEncoding = 4; lastKnownFileType = sourcecode.c.h; path = ALAlertDescription.h; sourceTree = "<group>"; };
		8AA866EC2077F69B0037C232 /* ALAlertDescription.m */ = {isa = PBXFileReference; fileEncoding = 4; lastKnownFileType = sourcecode.c.objc; path = ALAlertDescription.m; sourceTree = "<group>"; };
		8AA866EE2077F69B0037C232 /* ALAletViewController.h */ = {isa = PBXFileReference; fileEncoding = 4; lastKnownFileType = sourcecode.c.h; path = ALAletViewController.h; sourceTree = "<group>"; };
		8AA866EF2077F69B0037C232 /* ALAletViewController.m */ = {isa = PBXFileReference; fileEncoding = 4; lastKnownFileType = sourcecode.c.objc; path = ALAletViewController.m; sourceTree = "<group>"; };
		8AA866F02077F69B0037C232 /* UIAlertController+Present.h */ = {isa = PBXFileReference; fileEncoding = 4; lastKnownFileType = sourcecode.c.h; path = "UIAlertController+Present.h"; sourceTree = "<group>"; };
		8AA866F12077F69B0037C232 /* UIAlertController+Present.m */ = {isa = PBXFileReference; fileEncoding = 4; lastKnownFileType = sourcecode.c.objc; path = "UIAlertController+Present.m"; sourceTree = "<group>"; };
		8AA866F22077F69B0037C232 /* ALAlertManager.h */ = {isa = PBXFileReference; fileEncoding = 4; lastKnownFileType = sourcecode.c.h; path = ALAlertManager.h; sourceTree = "<group>"; };
		8AA866F32077F69B0037C232 /* ALAlertManager.m */ = {isa = PBXFileReference; fileEncoding = 4; lastKnownFileType = sourcecode.c.objc; path = ALAlertManager.m; sourceTree = "<group>"; };
		8AA866FB2077F7D30037C232 /* ALWindowLevel.h */ = {isa = PBXFileReference; fileEncoding = 4; lastKnownFileType = sourcecode.c.h; path = ALWindowLevel.h; sourceTree = "<group>"; };
		8AA866FC2077F7D30037C232 /* ALRootRouter.h */ = {isa = PBXFileReference; fileEncoding = 4; lastKnownFileType = sourcecode.c.h; path = ALRootRouter.h; sourceTree = "<group>"; };
		8AA866FD2077F7D30037C232 /* ALRootRouter.m */ = {isa = PBXFileReference; fileEncoding = 4; lastKnownFileType = sourcecode.c.objc; path = ALRootRouter.m; sourceTree = "<group>"; };
		8AA866FF2077FA900037C232 /* ALServer.h */ = {isa = PBXFileReference; lastKnownFileType = sourcecode.c.h; path = ALServer.h; sourceTree = "<group>"; };
		8AA86701207813620037C232 /* ALNotifications.h */ = {isa = PBXFileReference; lastKnownFileType = sourcecode.c.h; path = ALNotifications.h; sourceTree = "<group>"; };
		8D365DEE41EC9A02676057B5 /* ALMainDetailViewInput.h */ = {isa = PBXFileReference; includeInIndex = 1; lastKnownFileType = sourcecode.c.h; path = ALMainDetailViewInput.h; sourceTree = "<group>"; };
		935BE77B48E8697053688568 /* ALMainDetailAssembly.m */ = {isa = PBXFileReference; includeInIndex = 1; lastKnownFileType = sourcecode.c.objc; path = ALMainDetailAssembly.m; sourceTree = "<group>"; };
		A12CDE3E64DF327FE1F40FDF /* ALMainRouter.m */ = {isa = PBXFileReference; includeInIndex = 1; lastKnownFileType = sourcecode.c.objc; path = ALMainRouter.m; sourceTree = "<group>"; };
		A25B777E28259BDDABC2D5F2 /* ALMainView.h */ = {isa = PBXFileReference; includeInIndex = 1; lastKnownFileType = sourcecode.c.h; path = ALMainView.h; sourceTree = "<group>"; };
		A6197FCCA087DD0C578C68E9 /* ALMainInteractor.m */ = {isa = PBXFileReference; includeInIndex = 1; lastKnownFileType = sourcecode.c.objc; path = ALMainInteractor.m; sourceTree = "<group>"; };
		A6199F08F58FFCDC063697C4 /* ALLoginViewController.m */ = {isa = PBXFileReference; includeInIndex = 1; lastKnownFileType = sourcecode.c.objc; path = ALLoginViewController.m; sourceTree = "<group>"; };
		A7C182C8CE622129A728471A /* ALMainView.m */ = {isa = PBXFileReference; includeInIndex = 1; lastKnownFileType = sourcecode.c.objc; path = ALMainView.m; sourceTree = "<group>"; };
		ADD91ED4A5BBEEAC59209032 /* ALMainDetailInteractor.m */ = {isa = PBXFileReference; includeInIndex = 1; lastKnownFileType = sourcecode.c.objc; path = ALMainDetailInteractor.m; sourceTree = "<group>"; };
		B2C7F6D16ED6E04E9A7735EB /* ALLoginInteractor.m */ = {isa = PBXFileReference; includeInIndex = 1; lastKnownFileType = sourcecode.c.objc; path = ALLoginInteractor.m; sourceTree = "<group>"; };
		B7A1FAD3F7BAAA156543A3F0 /* ALLoginViewController.h */ = {isa = PBXFileReference; includeInIndex = 1; lastKnownFileType = sourcecode.c.h; path = ALLoginViewController.h; sourceTree = "<group>"; };
		BA321CD46EA1849EECA87A49 /* ALMainModuleInput.h */ = {isa = PBXFileReference; includeInIndex = 1; lastKnownFileType = sourcecode.c.h; path = ALMainModuleInput.h; sourceTree = "<group>"; };
		BE2702ECD157520885C4A22B /* ALMainDetailRouterInput.h */ = {isa = PBXFileReference; includeInIndex = 1; lastKnownFileType = sourcecode.c.h; path = ALMainDetailRouterInput.h; sourceTree = "<group>"; };
		C05C51A2BBBCF7A3D3012090 /* ALLoginAssembly.h */ = {isa = PBXFileReference; includeInIndex = 1; lastKnownFileType = sourcecode.c.h; path = ALLoginAssembly.h; sourceTree = "<group>"; };
		C06C331804EEC02D5C1946AC /* ALMainAssembly.h */ = {isa = PBXFileReference; includeInIndex = 1; lastKnownFileType = sourcecode.c.h; path = ALMainAssembly.h; sourceTree = "<group>"; };
		C73DE947686C65BB28952DBA /* ALMainDetailRouter.m */ = {isa = PBXFileReference; includeInIndex = 1; lastKnownFileType = sourcecode.c.objc; path = ALMainDetailRouter.m; sourceTree = "<group>"; };
		D17B0766042231EA9C39EEA1 /* ALLoginRouterInput.h */ = {isa = PBXFileReference; includeInIndex = 1; lastKnownFileType = sourcecode.c.h; path = ALLoginRouterInput.h; sourceTree = "<group>"; };
		D510DEC5A2B75B491AC44885 /* ALMainDetailModuleOutput.h */ = {isa = PBXFileReference; includeInIndex = 1; lastKnownFileType = sourcecode.c.h; path = ALMainDetailModuleOutput.h; sourceTree = "<group>"; };
		D61F7D45A604560C69690F9C /* ALMainDetailPresenter.h */ = {isa = PBXFileReference; includeInIndex = 1; lastKnownFileType = sourcecode.c.h; path = ALMainDetailPresenter.h; sourceTree = "<group>"; };
		D8F306B4B9812511B9A5800C /* ALLoginPresenter.h */ = {isa = PBXFileReference; includeInIndex = 1; lastKnownFileType = sourcecode.c.h; path = ALLoginPresenter.h; sourceTree = "<group>"; };
		DD69E1708A0BA49A211EB57C /* ALMainRouter.h */ = {isa = PBXFileReference; includeInIndex = 1; lastKnownFileType = sourcecode.c.h; path = ALMainRouter.h; sourceTree = "<group>"; };
		E749B0B153AFD636FC1656EC /* ALMainRouterInput.h */ = {isa = PBXFileReference; includeInIndex = 1; lastKnownFileType = sourcecode.c.h; path = ALMainRouterInput.h; sourceTree = "<group>"; };
		E8F2B25249B7EF2C4FD81EAE /* ALMainDetailModuleInput.h */ = {isa = PBXFileReference; includeInIndex = 1; lastKnownFileType = sourcecode.c.h; path = ALMainDetailModuleInput.h; sourceTree = "<group>"; };
		EA8B7D36E63A15966F463A82 /* ALMainInteractorInput.h */ = {isa = PBXFileReference; includeInIndex = 1; lastKnownFileType = sourcecode.c.h; path = ALMainInteractorInput.h; sourceTree = "<group>"; };
		F308BFBD324DAC3F73454501 /* ALLoginAssembly.m */ = {isa = PBXFileReference; includeInIndex = 1; lastKnownFileType = sourcecode.c.objc; path = ALLoginAssembly.m; sourceTree = "<group>"; };
		F537B27CCE77D27C7808777D /* ALMainViewController.m */ = {isa = PBXFileReference; includeInIndex = 1; lastKnownFileType = sourcecode.c.objc; path = ALMainViewController.m; sourceTree = "<group>"; };
		FC3564E253F0FDB967A5C110 /* ALLoginViewOutput.h */ = {isa = PBXFileReference; includeInIndex = 1; lastKnownFileType = sourcecode.c.h; path = ALLoginViewOutput.h; sourceTree = "<group>"; };
		FDC1C05B84B1438CDDD0258C /* ALMainDetailView.m */ = {isa = PBXFileReference; includeInIndex = 1; lastKnownFileType = sourcecode.c.objc; path = ALMainDetailView.m; sourceTree = "<group>"; };
/* End PBXFileReference section */

/* Begin PBXFrameworksBuildPhase section */
		8A8C96D22076A47A0015ADB2 /* Frameworks */ = {
			isa = PBXFrameworksBuildPhase;
			buildActionMask = 2147483647;
			files = (
				A7F631F4DBF336957EB22CFB /* Pods_ALImageLabrary.framework in Frameworks */,
			);
			runOnlyForDeploymentPostprocessing = 0;
		};
		8A8C96EA2076A47B0015ADB2 /* Frameworks */ = {
			isa = PBXFrameworksBuildPhase;
			buildActionMask = 2147483647;
			files = (
			);
			runOnlyForDeploymentPostprocessing = 0;
		};
		8A8C96F52076A47B0015ADB2 /* Frameworks */ = {
			isa = PBXFrameworksBuildPhase;
			buildActionMask = 2147483647;
			files = (
			);
			runOnlyForDeploymentPostprocessing = 0;
		};
/* End PBXFrameworksBuildPhase section */

/* Begin PBXGroup section */
		301291A2D93BE7A7F80B0A5E /* View */ = {
			isa = PBXGroup;
			children = (
				0823BBC4410C93565434D3D5 /* ALMainViewInput.h */,
				40EF3965F63B7A1D66FECFDB /* ALMainViewOutput.h */,
				4622165C3A6A74B4296EA831 /* ALMainViewController.h */,
				F537B27CCE77D27C7808777D /* ALMainViewController.m */,
				A25B777E28259BDDABC2D5F2 /* ALMainView.h */,
				A7C182C8CE622129A728471A /* ALMainView.m */,
				8A8F31D420877EEB00F9C026 /* Models */,
			);
			path = View;
			sourceTree = "<group>";
		};
		37E6F4B64BAF69F2CAC801C1 /* MainDetailModule */ = {
			isa = PBXGroup;
			children = (
				E8F2B25249B7EF2C4FD81EAE /* ALMainDetailModuleInput.h */,
				D510DEC5A2B75B491AC44885 /* ALMainDetailModuleOutput.h */,
				6A8AFCC1EAA471EFF5E8F4E4 /* Assembly */,
				865C2891FF022D2E9A6A3B16 /* Router */,
				71FC28FFD661957C1EA25A2E /* Interactor */,
				E4E6E2334881CD39FE1348A7 /* Presenter */,
				40C42D5DEE897703A871B909 /* View */,
			);
			path = MainDetailModule;
			sourceTree = "<group>";
		};
		3F4CA192D83138CDADD0AA62 /* Presenter */ = {
			isa = PBXGroup;
			children = (
				413BFF015241AC176192CB5E /* ALMainPresenter.h */,
				5271E4D396806E44D8DC0B6D /* ALMainPresenter.m */,
			);
			path = Presenter;
			sourceTree = "<group>";
		};
		40C42D5DEE897703A871B909 /* View */ = {
			isa = PBXGroup;
			children = (
				8D365DEE41EC9A02676057B5 /* ALMainDetailViewInput.h */,
				1EB078A1630661BD8FF2CE33 /* ALMainDetailViewOutput.h */,
				77A1B8E6B330BAE609CED497 /* ALMainDetailViewController.h */,
				3F4FCF6EEFD10A846F91153D /* ALMainDetailViewController.m */,
				38EBE2FAB406C37110B05F40 /* ALMainDetailView.h */,
				FDC1C05B84B1438CDDD0258C /* ALMainDetailView.m */,
				8A5638322088E41F0055E5DE /* Models */,
			);
			path = View;
			sourceTree = "<group>";
		};
		4277342EADBB57A7F9DCB0D9 /* Router */ = {
			isa = PBXGroup;
			children = (
				E749B0B153AFD636FC1656EC /* ALMainRouterInput.h */,
				DD69E1708A0BA49A211EB57C /* ALMainRouter.h */,
				A12CDE3E64DF327FE1F40FDF /* ALMainRouter.m */,
			);
			path = Router;
			sourceTree = "<group>";
		};
		53326CC5D3C6582FA46B322D /* View */ = {
			isa = PBXGroup;
			children = (
				84BB5924BE6FFDF7BDD5CB20 /* ALLoginViewInput.h */,
				FC3564E253F0FDB967A5C110 /* ALLoginViewOutput.h */,
				B7A1FAD3F7BAAA156543A3F0 /* ALLoginViewController.h */,
				A6199F08F58FFCDC063697C4 /* ALLoginViewController.m */,
				0CD3FC816DA919A15F3627AF /* ALLoginView.h */,
				364C3A64E39ADC896E8ECCEE /* ALLoginView.m */,
			);
			path = View;
			sourceTree = "<group>";
		};
		53BD712C186C905F3D3443D6 /* Assembly */ = {
			isa = PBXGroup;
			children = (
				C06C331804EEC02D5C1946AC /* ALMainAssembly.h */,
				7FAD8332244C68C8183A2FA8 /* ALMainAssembly.m */,
			);
			path = Assembly;
			sourceTree = "<group>";
		};
		6A8AFCC1EAA471EFF5E8F4E4 /* Assembly */ = {
			isa = PBXGroup;
			children = (
				67FED49F14B00690EC3021BC /* ALMainDetailAssembly.h */,
				935BE77B48E8697053688568 /* ALMainDetailAssembly.m */,
			);
			path = Assembly;
			sourceTree = "<group>";
		};
		71FC28FFD661957C1EA25A2E /* Interactor */ = {
			isa = PBXGroup;
			children = (
				7E4780F3968BCE34416B403F /* ALMainDetailInteractorInput.h */,
				0BD4322624689E593ED6D31B /* ALMainDetailInteractor.h */,
				ADD91ED4A5BBEEAC59209032 /* ALMainDetailInteractor.m */,
			);
			path = Interactor;
			sourceTree = "<group>";
		};
		865C2891FF022D2E9A6A3B16 /* Router */ = {
			isa = PBXGroup;
			children = (
				BE2702ECD157520885C4A22B /* ALMainDetailRouterInput.h */,
				6F771A3ED4561D12ED97B1A2 /* ALMainDetailRouter.h */,
				C73DE947686C65BB28952DBA /* ALMainDetailRouter.m */,
			);
			path = Router;
			sourceTree = "<group>";
		};
		8A4CFCB12087C67F007FAF59 /* Cells */ = {
			isa = PBXGroup;
			children = (
				8A8F31D520877F2D00F9C026 /* ALMainTableCell.h */,
				8A8F31D620877F2D00F9C026 /* ALMainTableCell.m */,
			);
			path = Cells;
			sourceTree = "<group>";
		};
		8A4CFCB22087C685007FAF59 /* Items */ = {
			isa = PBXGroup;
			children = (
				8A8F31D820877FE900F9C026 /* ALMainTableItem.h */,
				8A8F31D920877FE900F9C026 /* ALMainTableItem.m */,
				8A4CFCAE2087C0AE007FAF59 /* ALMainTableItemImage.h */,
				8A4CFCAF2087C0AE007FAF59 /* ALMainTableItemImage.m */,
			);
			path = Items;
			sourceTree = "<group>";
		};
		8A5638322088E41F0055E5DE /* Models */ = {
			isa = PBXGroup;
			children = (
				8A5638372088E46D0055E5DE /* Items */,
				8A5638362088E4680055E5DE /* Cells */,
			);
			path = Models;
			sourceTree = "<group>";
		};
		8A5638362088E4680055E5DE /* Cells */ = {
			isa = PBXGroup;
			children = (
				8A5638332088E45F0055E5DE /* ALMainDetailTableCell.h */,
				8A5638342088E45F0055E5DE /* ALMainDetailTableCell.m */,
			);
			path = Cells;
			sourceTree = "<group>";
		};
		8A5638372088E46D0055E5DE /* Items */ = {
			isa = PBXGroup;
			children = (
				8A5638382088E4910055E5DE /* ALMainDetailTableItem.h */,
				8A5638392088E4910055E5DE /* ALMainDetailTableItem.m */,
			);
			path = Items;
			sourceTree = "<group>";
		};
		8A8C96CC2076A47A0015ADB2 = {
			isa = PBXGroup;
			children = (
				8A8C96D72076A47A0015ADB2 /* ALImageLabrary */,
				8A8C96F02076A47B0015ADB2 /* ALImageLabraryTests */,
				8A8C96FB2076A47B0015ADB2 /* ALImageLabraryUITests */,
				8A8C96D62076A47A0015ADB2 /* Products */,
				E20EC9ACE67F77915C6FBD25 /* Pods */,
				A438D5E0641A7FF8A1E39CEA /* Frameworks */,
			);
			sourceTree = "<group>";
		};
		8A8C96D62076A47A0015ADB2 /* Products */ = {
			isa = PBXGroup;
			children = (
				8A8C96D52076A47A0015ADB2 /* ALImageLabrary.app */,
				8A8C96ED2076A47B0015ADB2 /* ALImageLabraryTests.xctest */,
				8A8C96F82076A47B0015ADB2 /* ALImageLabraryUITests.xctest */,
			);
			name = Products;
			sourceTree = "<group>";
		};
		8A8C96D72076A47A0015ADB2 /* ALImageLabrary */ = {
			isa = PBXGroup;
			children = (
				8A8C97142076A79A0015ADB2 /* ApplicationLayer */,
				8A8C97162076A7CB0015ADB2 /* PresentationLayer */,
				8AA866DD2077F4C10037C232 /* BusinessLogicLayer */,
				8A8C970A2076A5AC0015ADB2 /* Resourses */,
				8A8C970B2076A5C80015ADB2 /* Supporting Files */,
			);
			path = ALImageLabrary;
			sourceTree = "<group>";
		};
		8A8C96F02076A47B0015ADB2 /* ALImageLabraryTests */ = {
			isa = PBXGroup;
			children = (
				8A8C96F12076A47B0015ADB2 /* ALImageLabraryTests.m */,
				8A8C96F32076A47B0015ADB2 /* Info.plist */,
			);
			path = ALImageLabraryTests;
			sourceTree = "<group>";
		};
		8A8C96FB2076A47B0015ADB2 /* ALImageLabraryUITests */ = {
			isa = PBXGroup;
			children = (
				8A8C96FC2076A47B0015ADB2 /* ALImageLabraryUITests.m */,
				8A8C96FE2076A47B0015ADB2 /* Info.plist */,
			);
			path = ALImageLabraryUITests;
			sourceTree = "<group>";
		};
		8A8C970A2076A5AC0015ADB2 /* Resourses */ = {
			isa = PBXGroup;
			children = (
				8A8C970C2076A5E80015ADB2 /* Strings */,
				8A8C96E12076A47A0015ADB2 /* Assets.xcassets */,
			);
			path = Resourses;
			sourceTree = "<group>";
		};
		8A8C970B2076A5C80015ADB2 /* Supporting Files */ = {
			isa = PBXGroup;
			children = (
				8A8C96E62076A47A0015ADB2 /* Info.plist */,
				8A8C96E72076A47A0015ADB2 /* main.m */,
				8A8C97182076A8600015ADB2 /* ALImageLabrary-Prefix.pch */,
			);
			name = "Supporting Files";
			sourceTree = "<group>";
		};
		8A8C970C2076A5E80015ADB2 /* Strings */ = {
			isa = PBXGroup;
			children = (
				8A8C97122076A7500015ADB2 /* Localizable.strings */,
			);
			path = Strings;
			sourceTree = "<group>";
		};
		8A8C97142076A79A0015ADB2 /* ApplicationLayer */ = {
			isa = PBXGroup;
			children = (
				8A8C97152076A7A20015ADB2 /* AppDelegate */,
			);
			path = ApplicationLayer;
			sourceTree = "<group>";
		};
		8A8C97152076A7A20015ADB2 /* AppDelegate */ = {
			isa = PBXGroup;
			children = (
				8A8C96D82076A47A0015ADB2 /* AppDelegate.h */,
				8A8C96D92076A47A0015ADB2 /* AppDelegate.m */,
			);
			path = AppDelegate;
			sourceTree = "<group>";
		};
		8A8C97162076A7CB0015ADB2 /* PresentationLayer */ = {
			isa = PBXGroup;
			children = (
				8A8C971D2076BDC40015ADB2 /* Common */,
				8AA866C52077F3CB0037C232 /* Extensions */,
				8AA866C42077F3B50037C232 /* Constants */,
				8AA866C62077F3E50037C232 /* Helpers */,
				8AA866F92077F7D30037C232 /* RootRouter */,
				8A8C97172076A7DD0015ADB2 /* UserStories */,
				8A8C96E32076A47A0015ADB2 /* LaunchScreen.storyboard */,
			);
			path = PresentationLayer;
			sourceTree = "<group>";
		};
		8A8C97172076A7DD0015ADB2 /* UserStories */ = {
			isa = PBXGroup;
			children = (
				8A8C971C2076BB060015ADB2 /* LoginUserStory */,
				8A8F31D32087506F00F9C026 /* MainUserStory */,
			);
			path = UserStories;
			sourceTree = "<group>";
		};
		8A8C971C2076BB060015ADB2 /* LoginUserStory */ = {
			isa = PBXGroup;
			children = (
				9A0ED0E4AC926B383558F6E0 /* Modules */,
			);
			path = LoginUserStory;
			sourceTree = "<group>";
		};
		8A8C971D2076BDC40015ADB2 /* Common */ = {
			isa = PBXGroup;
			children = (
				8AA866E72077F69B0037C232 /* ALAlertManager */,
				8A8C97232076BDD20015ADB2 /* UIElements */,
				8A8C971E2076BDD20015ADB2 /* ViperModule */,
			);
			path = Common;
			sourceTree = "<group>";
		};
		8A8C971E2076BDD20015ADB2 /* ViperModule */ = {
			isa = PBXGroup;
			children = (
				8A8C97222076BDD20015ADB2 /* ALViperModuleTransitionHandler.h */,
				8A8C971F2076BDD20015ADB2 /* ConcreteViperModuleTransitionHandler */,
			);
			path = ViperModule;
			sourceTree = "<group>";
		};
		8A8C971F2076BDD20015ADB2 /* ConcreteViperModuleTransitionHandler */ = {
			isa = PBXGroup;
			children = (
				8A8C97202076BDD20015ADB2 /* UIViewController+ALViperModuleTransitionHandler.h */,
				8A8C97212076BDD20015ADB2 /* UIViewController+ALViperModuleTransitionHandler.m */,
			);
			path = ConcreteViperModuleTransitionHandler;
			sourceTree = "<group>";
		};
		8A8C97232076BDD20015ADB2 /* UIElements */ = {
			isa = PBXGroup;
			children = (
				8A8C97242076BDD20015ADB2 /* ALView */,
			);
			path = UIElements;
			sourceTree = "<group>";
		};
		8A8C97242076BDD20015ADB2 /* ALView */ = {
			isa = PBXGroup;
			children = (
				8A8C97252076BDD20015ADB2 /* ALView.h */,
				8A8C97262076BDD20015ADB2 /* ALView.m */,
			);
			path = ALView;
			sourceTree = "<group>";
		};
		8A8F31D32087506F00F9C026 /* MainUserStory */ = {
			isa = PBXGroup;
			children = (
				CD38C46CD38E75A3A33BF3B1 /* Modules */,
			);
			path = MainUserStory;
			sourceTree = "<group>";
		};
		8A8F31D420877EEB00F9C026 /* Models */ = {
			isa = PBXGroup;
			children = (
				8A4CFCB22087C685007FAF59 /* Items */,
				8A4CFCB12087C67F007FAF59 /* Cells */,
			);
			path = Models;
			sourceTree = "<group>";
		};
		8AA866C42077F3B50037C232 /* Constants */ = {
			isa = PBXGroup;
			children = (
				8AA866C82077F4320037C232 /* ALAssets.h */,
				8AA866C72077F4170037C232 /* ALDefines.h */,
				8AA866FF2077FA900037C232 /* ALServer.h */,
				8AA86701207813620037C232 /* ALNotifications.h */,
			);
			path = Constants;
			sourceTree = "<group>";
		};
		8AA866C52077F3CB0037C232 /* Extensions */ = {
			isa = PBXGroup;
			children = (
				8AA866D92077F4980037C232 /* UIFont */,
				8AA866C92077F4580037C232 /* UIColor */,
			);
			path = Extensions;
			sourceTree = "<group>";
		};
		8AA866C62077F3E50037C232 /* Helpers */ = {
			isa = PBXGroup;
			children = (
				8AA866CD2077F4830037C232 /* DateFormatter */,
				8AA866D32077F4830037C232 /* ServerFactory */,
			);
			path = Helpers;
			sourceTree = "<group>";
		};
		8AA866C92077F4580037C232 /* UIColor */ = {
			isa = PBXGroup;
			children = (
				8AA866CA2077F4580037C232 /* UIColor+ALColors.h */,
				8AA866CB2077F4580037C232 /* UIColor+ALColors.m */,
			);
			path = UIColor;
			sourceTree = "<group>";
		};
		8AA866CD2077F4830037C232 /* DateFormatter */ = {
			isa = PBXGroup;
			children = (
				8AA866CE2077F4830037C232 /* ALDateFormatter.h */,
				8AA866CF2077F4830037C232 /* ALDateFormatter.m */,
			);
			path = DateFormatter;
			sourceTree = "<group>";
		};
		8AA866D32077F4830037C232 /* ServerFactory */ = {
			isa = PBXGroup;
			children = (
				8AA866D42077F4830037C232 /* ALServerFactory.h */,
				8AA866D52077F4830037C232 /* ALServerFactory.m */,
			);
			path = ServerFactory;
			sourceTree = "<group>";
		};
		8AA866D92077F4980037C232 /* UIFont */ = {
			isa = PBXGroup;
			children = (
				8AA866DA2077F4980037C232 /* UIFont+ALFonts.h */,
				8AA866DB2077F4980037C232 /* UIFont+ALFonts.m */,
			);
			path = UIFont;
			sourceTree = "<group>";
		};
		8AA866DD2077F4C10037C232 /* BusinessLogicLayer */ = {
			isa = PBXGroup;
			children = (
				8AA866DE2077F4C10037C232 /* Services */,
			);
			path = BusinessLogicLayer;
			sourceTree = "<group>";
		};
		8AA866DE2077F4C10037C232 /* Services */ = {
			isa = PBXGroup;
			children = (
				8AA866DF2077F4C10037C232 /* ConnectionService */,
				8AA866E22077F4C10037C232 /* LocationService */,
			);
			path = Services;
			sourceTree = "<group>";
		};
		8AA866DF2077F4C10037C232 /* ConnectionService */ = {
			isa = PBXGroup;
			children = (
				8AA866E02077F4C10037C232 /* ALConnectionService.h */,
				8AA866E12077F4C10037C232 /* ALConnectionService.m */,
			);
			path = ConnectionService;
			sourceTree = "<group>";
		};
		8AA866E22077F4C10037C232 /* LocationService */ = {
			isa = PBXGroup;
			children = (
				8AA866E32077F4C10037C232 /* ALLocationService.h */,
				8AA866E42077F4C10037C232 /* ALLocationService.m */,
			);
			path = LocationService;
			sourceTree = "<group>";
		};
		8AA866E72077F69B0037C232 /* ALAlertManager */ = {
			isa = PBXGroup;
			children = (
				8AA866F22077F69B0037C232 /* ALAlertManager.h */,
				8AA866F32077F69B0037C232 /* ALAlertManager.m */,
				8AA866E82077F69B0037C232 /* Elements */,
				8AA866ED2077F69B0037C232 /* Helpers */,
			);
			path = ALAlertManager;
			sourceTree = "<group>";
		};
		8AA866E82077F69B0037C232 /* Elements */ = {
			isa = PBXGroup;
			children = (
				8AA866E92077F69B0037C232 /* ALAlertAction.h */,
				8AA866EA2077F69B0037C232 /* ALAlertAction.m */,
				8AA866EB2077F69B0037C232 /* ALAlertDescription.h */,
				8AA866EC2077F69B0037C232 /* ALAlertDescription.m */,
			);
			path = Elements;
			sourceTree = "<group>";
		};
		8AA866ED2077F69B0037C232 /* Helpers */ = {
			isa = PBXGroup;
			children = (
				8AA866EE2077F69B0037C232 /* ALAletViewController.h */,
				8AA866EF2077F69B0037C232 /* ALAletViewController.m */,
				8AA866F02077F69B0037C232 /* UIAlertController+Present.h */,
				8AA866F12077F69B0037C232 /* UIAlertController+Present.m */,
			);
			path = Helpers;
			sourceTree = "<group>";
		};
		8AA866F92077F7D30037C232 /* RootRouter */ = {
			isa = PBXGroup;
			children = (
				8AA866FC2077F7D30037C232 /* ALRootRouter.h */,
				8AA866FD2077F7D30037C232 /* ALRootRouter.m */,
				8AA866FA2077F7D30037C232 /* Helpers */,
			);
			path = RootRouter;
			sourceTree = "<group>";
		};
		8AA866FA2077F7D30037C232 /* Helpers */ = {
			isa = PBXGroup;
			children = (
				8AA866FB2077F7D30037C232 /* ALWindowLevel.h */,
			);
			path = Helpers;
			sourceTree = "<group>";
		};
		9A0ED0E4AC926B383558F6E0 /* Modules */ = {
			isa = PBXGroup;
			children = (
				C540F3A884665FF1EF9503A9 /* LoginModule */,
			);
			path = Modules;
			sourceTree = "<group>";
		};
		A100BC41C8F2AB35FA85AA3A /* Assembly */ = {
			isa = PBXGroup;
			children = (
				C05C51A2BBBCF7A3D3012090 /* ALLoginAssembly.h */,
				F308BFBD324DAC3F73454501 /* ALLoginAssembly.m */,
			);
			path = Assembly;
			sourceTree = "<group>";
		};
		A438D5E0641A7FF8A1E39CEA /* Frameworks */ = {
			isa = PBXGroup;
			children = (
				3B639F6B5A014C177490C52F /* Pods_ALImageLabrary.framework */,
			);
			name = Frameworks;
			sourceTree = "<group>";
		};
		BF48164C03F25DCA13496530 /* MainModule */ = {
			isa = PBXGroup;
			children = (
				BA321CD46EA1849EECA87A49 /* ALMainModuleInput.h */,
				756FF7327993F2EFFF606EB4 /* ALMainModuleOutput.h */,
				53BD712C186C905F3D3443D6 /* Assembly */,
				4277342EADBB57A7F9DCB0D9 /* Router */,
				DCD2E8E92A5570F23E8A48D4 /* Interactor */,
				3F4CA192D83138CDADD0AA62 /* Presenter */,
				301291A2D93BE7A7F80B0A5E /* View */,
			);
			path = MainModule;
			sourceTree = "<group>";
		};
		C540F3A884665FF1EF9503A9 /* LoginModule */ = {
			isa = PBXGroup;
			children = (
				A100BC41C8F2AB35FA85AA3A /* Assembly */,
				F2CBE13C9FD03E820660183A /* Router */,
				C95AA20DEAD3E070D0DE784E /* Interactor */,
				FC30D203B555F52A590EB1B7 /* Presenter */,
				53326CC5D3C6582FA46B322D /* View */,
			);
			path = LoginModule;
			sourceTree = "<group>";
		};
		C95AA20DEAD3E070D0DE784E /* Interactor */ = {
			isa = PBXGroup;
			children = (
				8970AB076EEB84C084C7E179 /* ALLoginInteractorInput.h */,
				155BC646854809381FD8793C /* ALLoginInteractor.h */,
				B2C7F6D16ED6E04E9A7735EB /* ALLoginInteractor.m */,
			);
			path = Interactor;
			sourceTree = "<group>";
		};
		CD38C46CD38E75A3A33BF3B1 /* Modules */ = {
			isa = PBXGroup;
			children = (
				BF48164C03F25DCA13496530 /* MainModule */,
				37E6F4B64BAF69F2CAC801C1 /* MainDetailModule */,
			);
			path = Modules;
			sourceTree = "<group>";
		};
		DCD2E8E92A5570F23E8A48D4 /* Interactor */ = {
			isa = PBXGroup;
			children = (
				EA8B7D36E63A15966F463A82 /* ALMainInteractorInput.h */,
				4F4AAD14AD733072D77F40D2 /* ALMainInteractor.h */,
				A6197FCCA087DD0C578C68E9 /* ALMainInteractor.m */,
			);
			path = Interactor;
			sourceTree = "<group>";
		};
		E20EC9ACE67F77915C6FBD25 /* Pods */ = {
			isa = PBXGroup;
			children = (
				657AA9E6CADCE46CAEB7FB22 /* Pods-ALImageLabrary.debug.xcconfig */,
				352E54C107CEC9E42EEB617C /* Pods-ALImageLabrary.release.xcconfig */,
			);
			name = Pods;
			sourceTree = "<group>";
		};
		E4E6E2334881CD39FE1348A7 /* Presenter */ = {
			isa = PBXGroup;
			children = (
				D61F7D45A604560C69690F9C /* ALMainDetailPresenter.h */,
				71173530B35DC616839FF244 /* ALMainDetailPresenter.m */,
			);
			path = Presenter;
			sourceTree = "<group>";
		};
		F2CBE13C9FD03E820660183A /* Router */ = {
			isa = PBXGroup;
			children = (
				D17B0766042231EA9C39EEA1 /* ALLoginRouterInput.h */,
				4ABCE2890BD54F1A2306B2EF /* ALLoginRouter.h */,
				1415E7C065EFFED6255574AE /* ALLoginRouter.m */,
			);
			path = Router;
			sourceTree = "<group>";
		};
		FC30D203B555F52A590EB1B7 /* Presenter */ = {
			isa = PBXGroup;
			children = (
				D8F306B4B9812511B9A5800C /* ALLoginPresenter.h */,
				39AA9D8E25791DC2ED1CCB20 /* ALLoginPresenter.m */,
			);
			path = Presenter;
			sourceTree = "<group>";
		};
/* End PBXGroup section */

/* Begin PBXNativeTarget section */
		8A8C96D42076A47A0015ADB2 /* ALImageLabrary */ = {
			isa = PBXNativeTarget;
			buildConfigurationList = 8A8C97012076A47B0015ADB2 /* Build configuration list for PBXNativeTarget "ALImageLabrary" */;
			buildPhases = (
				D37B0128D01A9AFE66B68D0A /* [CP] Check Pods Manifest.lock */,
				8A8C96D12076A47A0015ADB2 /* Sources */,
				8A8C96D22076A47A0015ADB2 /* Frameworks */,
				8A8C96D32076A47A0015ADB2 /* Resources */,
				5DC054BEA08B42D9A6BCB958 /* [CP] Embed Pods Frameworks */,
				4DED9702BDE2BCCC6DDA6181 /* [CP] Copy Pods Resources */,
			);
			buildRules = (
			);
			dependencies = (
			);
			name = ALImageLabrary;
			productName = ALImageLabrary;
			productReference = 8A8C96D52076A47A0015ADB2 /* ALImageLabrary.app */;
			productType = "com.apple.product-type.application";
		};
		8A8C96EC2076A47B0015ADB2 /* ALImageLabraryTests */ = {
			isa = PBXNativeTarget;
			buildConfigurationList = 8A8C97042076A47B0015ADB2 /* Build configuration list for PBXNativeTarget "ALImageLabraryTests" */;
			buildPhases = (
				8A8C96E92076A47B0015ADB2 /* Sources */,
				8A8C96EA2076A47B0015ADB2 /* Frameworks */,
				8A8C96EB2076A47B0015ADB2 /* Resources */,
			);
			buildRules = (
			);
			dependencies = (
				8A8C96EF2076A47B0015ADB2 /* PBXTargetDependency */,
			);
			name = ALImageLabraryTests;
			productName = ALImageLabraryTests;
			productReference = 8A8C96ED2076A47B0015ADB2 /* ALImageLabraryTests.xctest */;
			productType = "com.apple.product-type.bundle.unit-test";
		};
		8A8C96F72076A47B0015ADB2 /* ALImageLabraryUITests */ = {
			isa = PBXNativeTarget;
			buildConfigurationList = 8A8C97072076A47B0015ADB2 /* Build configuration list for PBXNativeTarget "ALImageLabraryUITests" */;
			buildPhases = (
				8A8C96F42076A47B0015ADB2 /* Sources */,
				8A8C96F52076A47B0015ADB2 /* Frameworks */,
				8A8C96F62076A47B0015ADB2 /* Resources */,
			);
			buildRules = (
			);
			dependencies = (
				8A8C96FA2076A47B0015ADB2 /* PBXTargetDependency */,
			);
			name = ALImageLabraryUITests;
			productName = ALImageLabraryUITests;
			productReference = 8A8C96F82076A47B0015ADB2 /* ALImageLabraryUITests.xctest */;
			productType = "com.apple.product-type.bundle.ui-testing";
		};
/* End PBXNativeTarget section */

/* Begin PBXProject section */
		8A8C96CD2076A47A0015ADB2 /* Project object */ = {
			isa = PBXProject;
			attributes = {
				LastUpgradeCheck = 0920;
				ORGANIZATIONNAME = HomeSolutions;
				TargetAttributes = {
					8A8C96D42076A47A0015ADB2 = {
						CreatedOnToolsVersion = 9.2;
						ProvisioningStyle = Automatic;
					};
					8A8C96EC2076A47B0015ADB2 = {
						CreatedOnToolsVersion = 9.2;
						ProvisioningStyle = Automatic;
						TestTargetID = 8A8C96D42076A47A0015ADB2;
					};
					8A8C96F72076A47B0015ADB2 = {
						CreatedOnToolsVersion = 9.2;
						ProvisioningStyle = Automatic;
						TestTargetID = 8A8C96D42076A47A0015ADB2;
					};
				};
			};
			buildConfigurationList = 8A8C96D02076A47A0015ADB2 /* Build configuration list for PBXProject "ALImageLabrary" */;
			compatibilityVersion = "Xcode 8.0";
			developmentRegion = en;
			hasScannedForEncodings = 0;
			knownRegions = (
				en,
				Base,
				ru,
			);
			mainGroup = 8A8C96CC2076A47A0015ADB2;
			productRefGroup = 8A8C96D62076A47A0015ADB2 /* Products */;
			projectDirPath = "";
			projectRoot = "";
			targets = (
				8A8C96D42076A47A0015ADB2 /* ALImageLabrary */,
				8A8C96EC2076A47B0015ADB2 /* ALImageLabraryTests */,
				8A8C96F72076A47B0015ADB2 /* ALImageLabraryUITests */,
			);
		};
/* End PBXProject section */

/* Begin PBXResourcesBuildPhase section */
		8A8C96D32076A47A0015ADB2 /* Resources */ = {
			isa = PBXResourcesBuildPhase;
			buildActionMask = 2147483647;
			files = (
				8A8C96E52076A47A0015ADB2 /* LaunchScreen.storyboard in Resources */,
				8A8C97102076A7500015ADB2 /* Localizable.strings in Resources */,
				8A8C96E22076A47A0015ADB2 /* Assets.xcassets in Resources */,
			);
			runOnlyForDeploymentPostprocessing = 0;
		};
		8A8C96EB2076A47B0015ADB2 /* Resources */ = {
			isa = PBXResourcesBuildPhase;
			buildActionMask = 2147483647;
			files = (
			);
			runOnlyForDeploymentPostprocessing = 0;
		};
		8A8C96F62076A47B0015ADB2 /* Resources */ = {
			isa = PBXResourcesBuildPhase;
			buildActionMask = 2147483647;
			files = (
			);
			runOnlyForDeploymentPostprocessing = 0;
		};
/* End PBXResourcesBuildPhase section */

/* Begin PBXShellScriptBuildPhase section */
		4DED9702BDE2BCCC6DDA6181 /* [CP] Copy Pods Resources */ = {
			isa = PBXShellScriptBuildPhase;
			buildActionMask = 2147483647;
			files = (
			);
			inputPaths = (
			);
			name = "[CP] Copy Pods Resources";
			outputPaths = (
			);
			runOnlyForDeploymentPostprocessing = 0;
			shellPath = /bin/sh;
			shellScript = "\"${SRCROOT}/Pods/Target Support Files/Pods-ALImageLabrary/Pods-ALImageLabrary-resources.sh\"\n";
			showEnvVarsInLog = 0;
		};
		5DC054BEA08B42D9A6BCB958 /* [CP] Embed Pods Frameworks */ = {
			isa = PBXShellScriptBuildPhase;
			buildActionMask = 2147483647;
			files = (
			);
			inputPaths = (
				"${SRCROOT}/Pods/Target Support Files/Pods-ALImageLabrary/Pods-ALImageLabrary-frameworks.sh",
				"${BUILT_PRODUCTS_DIR}/ISO8601DateFormatterValueTransformer/ISO8601DateFormatterValueTransformer.framework",
				"${BUILT_PRODUCTS_DIR}/RKValueTransformers/RKValueTransformers.framework",
				"${BUILT_PRODUCTS_DIR}/RestKit/RestKit.framework",
				"${BUILT_PRODUCTS_DIR}/SOCKit/SOCKit.framework",
				"${BUILT_PRODUCTS_DIR}/TransitionKit/TransitionKit.framework",
				"${BUILT_PRODUCTS_DIR}/libextobjc/libextobjc.framework",
			);
			name = "[CP] Embed Pods Frameworks";
			outputPaths = (
				"${TARGET_BUILD_DIR}/${FRAMEWORKS_FOLDER_PATH}/ISO8601DateFormatterValueTransformer.framework",
				"${TARGET_BUILD_DIR}/${FRAMEWORKS_FOLDER_PATH}/RKValueTransformers.framework",
				"${TARGET_BUILD_DIR}/${FRAMEWORKS_FOLDER_PATH}/RestKit.framework",
				"${TARGET_BUILD_DIR}/${FRAMEWORKS_FOLDER_PATH}/SOCKit.framework",
				"${TARGET_BUILD_DIR}/${FRAMEWORKS_FOLDER_PATH}/TransitionKit.framework",
				"${TARGET_BUILD_DIR}/${FRAMEWORKS_FOLDER_PATH}/libextobjc.framework",
			);
			runOnlyForDeploymentPostprocessing = 0;
			shellPath = /bin/sh;
			shellScript = "\"${SRCROOT}/Pods/Target Support Files/Pods-ALImageLabrary/Pods-ALImageLabrary-frameworks.sh\"\n";
			showEnvVarsInLog = 0;
		};
		D37B0128D01A9AFE66B68D0A /* [CP] Check Pods Manifest.lock */ = {
			isa = PBXShellScriptBuildPhase;
			buildActionMask = 2147483647;
			files = (
			);
			inputPaths = (
				"${PODS_PODFILE_DIR_PATH}/Podfile.lock",
				"${PODS_ROOT}/Manifest.lock",
			);
			name = "[CP] Check Pods Manifest.lock";
			outputPaths = (
				"$(DERIVED_FILE_DIR)/Pods-ALImageLabrary-checkManifestLockResult.txt",
			);
			runOnlyForDeploymentPostprocessing = 0;
			shellPath = /bin/sh;
			shellScript = "diff \"${PODS_PODFILE_DIR_PATH}/Podfile.lock\" \"${PODS_ROOT}/Manifest.lock\" > /dev/null\nif [ $? != 0 ] ; then\n    # print error to STDERR\n    echo \"error: The sandbox is not in sync with the Podfile.lock. Run 'pod install' or update your CocoaPods installation.\" >&2\n    exit 1\nfi\n# This output is used by Xcode 'outputs' to avoid re-running this script phase.\necho \"SUCCESS\" > \"${SCRIPT_OUTPUT_FILE_0}\"\n";
			showEnvVarsInLog = 0;
		};
/* End PBXShellScriptBuildPhase section */

/* Begin PBXSourcesBuildPhase section */
		8A8C96D12076A47A0015ADB2 /* Sources */ = {
			isa = PBXSourcesBuildPhase;
			buildActionMask = 2147483647;
			files = (
				8AA866F82077F69B0037C232 /* ALAlertManager.m in Sources */,
				8A8F31D720877F2D00F9C026 /* ALMainTableCell.m in Sources */,
				8A8C96E82076A47A0015ADB2 /* main.m in Sources */,
				8A8C96DA2076A47A0015ADB2 /* AppDelegate.m in Sources */,
				8AA866F42077F69B0037C232 /* ALAlertAction.m in Sources */,
				45F2FBB402940DD685A36213 /* ALLoginAssembly.m in Sources */,
				8AA866F52077F69B0037C232 /* ALAlertDescription.m in Sources */,
				85D535F9FB21913197D83856 /* ALLoginRouter.m in Sources */,
				EE8D97186F7D2C1B5F540006 /* ALLoginInteractor.m in Sources */,
				A4DF7627D05E7D415D50DF03 /* ALLoginPresenter.m in Sources */,
				8AA866F72077F69B0037C232 /* UIAlertController+Present.m in Sources */,
				8AA866CC2077F4580037C232 /* UIColor+ALColors.m in Sources */,
				8AA866E52077F4C10037C232 /* ALConnectionService.m in Sources */,
				9F51CBBD88E65FE5822816A3 /* ALLoginViewController.m in Sources */,
				8AA866DC2077F4980037C232 /* UIFont+ALFonts.m in Sources */,
				8A5638352088E45F0055E5DE /* ALMainDetailTableCell.m in Sources */,
				8AA866E62077F4C10037C232 /* ALLocationService.m in Sources */,
				8A4CFCB02087C0AE007FAF59 /* ALMainTableItemImage.m in Sources */,
				8AA866FE2077F7D30037C232 /* ALRootRouter.m in Sources */,
				8AA866F62077F69B0037C232 /* ALAletViewController.m in Sources */,
				8A56383A2088E4910055E5DE /* ALMainDetailTableItem.m in Sources */,
				8A8C97272076BDD20015ADB2 /* UIViewController+ALViperModuleTransitionHandler.m in Sources */,
				8AA866D62077F4830037C232 /* ALDateFormatter.m in Sources */,
				8B62DE7262795751B4330DF5 /* ALLoginView.m in Sources */,
				8AA866D82077F4830037C232 /* ALServerFactory.m in Sources */,
				8A8C97282076BDD20015ADB2 /* ALView.m in Sources */,
				BB23E049E3BCB79FA1B727DB /* ALMainAssembly.m in Sources */,
				8A6525A29D9EE390292B2A3F /* ALMainRouter.m in Sources */,
				6DD8B611494E8AA69CDE03F5 /* ALMainInteractor.m in Sources */,
				A9156B6350DDDBC716F08C68 /* ALMainPresenter.m in Sources */,
				8A8F31DA20877FE900F9C026 /* ALMainTableItem.m in Sources */,
				C2CDA46199D19DA1052E72BC /* ALMainViewController.m in Sources */,
				662964F66CE4F71442647584 /* ALMainView.m in Sources */,
				5E0D447625C132D31348045B /* ALMainDetailAssembly.m in Sources */,
				91D468ECBC787ECF1983A11C /* ALMainDetailRouter.m in Sources */,
				E676A8A17A25A409D9C9CD22 /* ALMainDetailInteractor.m in Sources */,
				B83F4FFD52590C9C2157BE75 /* ALMainDetailPresenter.m in Sources */,
				981732FD6084061AF7AB51A1 /* ALMainDetailViewController.m in Sources */,
				82E3270394B09769406571A7 /* ALMainDetailView.m in Sources */,
			);
			runOnlyForDeploymentPostprocessing = 0;
		};
		8A8C96E92076A47B0015ADB2 /* Sources */ = {
			isa = PBXSourcesBuildPhase;
			buildActionMask = 2147483647;
			files = (
				8A8C96F22076A47B0015ADB2 /* ALImageLabraryTests.m in Sources */,
			);
			runOnlyForDeploymentPostprocessing = 0;
		};
		8A8C96F42076A47B0015ADB2 /* Sources */ = {
			isa = PBXSourcesBuildPhase;
			buildActionMask = 2147483647;
			files = (
				8A8C96FD2076A47B0015ADB2 /* ALImageLabraryUITests.m in Sources */,
			);
			runOnlyForDeploymentPostprocessing = 0;
		};
/* End PBXSourcesBuildPhase section */

/* Begin PBXTargetDependency section */
		8A8C96EF2076A47B0015ADB2 /* PBXTargetDependency */ = {
			isa = PBXTargetDependency;
			target = 8A8C96D42076A47A0015ADB2 /* ALImageLabrary */;
			targetProxy = 8A8C96EE2076A47B0015ADB2 /* PBXContainerItemProxy */;
		};
		8A8C96FA2076A47B0015ADB2 /* PBXTargetDependency */ = {
			isa = PBXTargetDependency;
			target = 8A8C96D42076A47A0015ADB2 /* ALImageLabrary */;
			targetProxy = 8A8C96F92076A47B0015ADB2 /* PBXContainerItemProxy */;
		};
/* End PBXTargetDependency section */

/* Begin PBXVariantGroup section */
		8A8C96E32076A47A0015ADB2 /* LaunchScreen.storyboard */ = {
			isa = PBXVariantGroup;
			children = (
				8A8C96E42076A47A0015ADB2 /* Base */,
			);
			name = LaunchScreen.storyboard;
			sourceTree = "<group>";
		};
		8A8C97122076A7500015ADB2 /* Localizable.strings */ = {
			isa = PBXVariantGroup;
			children = (
				8A8C97112076A7500015ADB2 /* en */,
				8A8C97132076A7530015ADB2 /* ru */,
			);
			name = Localizable.strings;
			sourceTree = "<group>";
		};
/* End PBXVariantGroup section */

/* Begin XCBuildConfiguration section */
		8A8C96FF2076A47B0015ADB2 /* Debug */ = {
			isa = XCBuildConfiguration;
			buildSettings = {
				ALWAYS_SEARCH_USER_PATHS = NO;
				CLANG_ANALYZER_LOCALIZABILITY_NONLOCALIZED = YES;
				CLANG_ANALYZER_NONNULL = YES;
				CLANG_ANALYZER_NUMBER_OBJECT_CONVERSION = YES_AGGRESSIVE;
				CLANG_CXX_LANGUAGE_STANDARD = "gnu++14";
				CLANG_CXX_LIBRARY = "libc++";
				CLANG_ENABLE_MODULES = YES;
				CLANG_ENABLE_OBJC_ARC = YES;
				CLANG_WARN_BLOCK_CAPTURE_AUTORELEASING = YES;
				CLANG_WARN_BOOL_CONVERSION = YES;
				CLANG_WARN_COMMA = YES;
				CLANG_WARN_CONSTANT_CONVERSION = YES;
				CLANG_WARN_DIRECT_OBJC_ISA_USAGE = YES_ERROR;
				CLANG_WARN_DOCUMENTATION_COMMENTS = YES;
				CLANG_WARN_EMPTY_BODY = YES;
				CLANG_WARN_ENUM_CONVERSION = YES;
				CLANG_WARN_INFINITE_RECURSION = YES;
				CLANG_WARN_INT_CONVERSION = YES;
				CLANG_WARN_NON_LITERAL_NULL_CONVERSION = YES;
				CLANG_WARN_OBJC_LITERAL_CONVERSION = YES;
				CLANG_WARN_OBJC_ROOT_CLASS = YES_ERROR;
				CLANG_WARN_RANGE_LOOP_ANALYSIS = YES;
				CLANG_WARN_STRICT_PROTOTYPES = YES;
				CLANG_WARN_SUSPICIOUS_MOVE = YES;
				CLANG_WARN_UNGUARDED_AVAILABILITY = YES_AGGRESSIVE;
				CLANG_WARN_UNREACHABLE_CODE = YES;
				CLANG_WARN__DUPLICATE_METHOD_MATCH = YES;
				CODE_SIGN_IDENTITY = "iPhone Developer";
				COPY_PHASE_STRIP = NO;
				DEBUG_INFORMATION_FORMAT = dwarf;
				ENABLE_STRICT_OBJC_MSGSEND = YES;
				ENABLE_TESTABILITY = YES;
				GCC_C_LANGUAGE_STANDARD = gnu11;
				GCC_DYNAMIC_NO_PIC = NO;
				GCC_NO_COMMON_BLOCKS = YES;
				GCC_OPTIMIZATION_LEVEL = 0;
				GCC_PREPROCESSOR_DEFINITIONS = (
					"DEBUG=1",
					"$(inherited)",
				);
				GCC_WARN_64_TO_32_BIT_CONVERSION = YES;
				GCC_WARN_ABOUT_RETURN_TYPE = YES_ERROR;
				GCC_WARN_UNDECLARED_SELECTOR = YES;
				GCC_WARN_UNINITIALIZED_AUTOS = YES_AGGRESSIVE;
				GCC_WARN_UNUSED_FUNCTION = YES;
				GCC_WARN_UNUSED_VARIABLE = YES;
				IPHONEOS_DEPLOYMENT_TARGET = 11.2;
				MTL_ENABLE_DEBUG_INFO = YES;
				ONLY_ACTIVE_ARCH = YES;
				SDKROOT = iphoneos;
			};
			name = Debug;
		};
		8A8C97002076A47B0015ADB2 /* Release */ = {
			isa = XCBuildConfiguration;
			buildSettings = {
				ALWAYS_SEARCH_USER_PATHS = NO;
				CLANG_ANALYZER_LOCALIZABILITY_NONLOCALIZED = YES;
				CLANG_ANALYZER_NONNULL = YES;
				CLANG_ANALYZER_NUMBER_OBJECT_CONVERSION = YES_AGGRESSIVE;
				CLANG_CXX_LANGUAGE_STANDARD = "gnu++14";
				CLANG_CXX_LIBRARY = "libc++";
				CLANG_ENABLE_MODULES = YES;
				CLANG_ENABLE_OBJC_ARC = YES;
				CLANG_WARN_BLOCK_CAPTURE_AUTORELEASING = YES;
				CLANG_WARN_BOOL_CONVERSION = YES;
				CLANG_WARN_COMMA = YES;
				CLANG_WARN_CONSTANT_CONVERSION = YES;
				CLANG_WARN_DIRECT_OBJC_ISA_USAGE = YES_ERROR;
				CLANG_WARN_DOCUMENTATION_COMMENTS = YES;
				CLANG_WARN_EMPTY_BODY = YES;
				CLANG_WARN_ENUM_CONVERSION = YES;
				CLANG_WARN_INFINITE_RECURSION = YES;
				CLANG_WARN_INT_CONVERSION = YES;
				CLANG_WARN_NON_LITERAL_NULL_CONVERSION = YES;
				CLANG_WARN_OBJC_LITERAL_CONVERSION = YES;
				CLANG_WARN_OBJC_ROOT_CLASS = YES_ERROR;
				CLANG_WARN_RANGE_LOOP_ANALYSIS = YES;
				CLANG_WARN_STRICT_PROTOTYPES = YES;
				CLANG_WARN_SUSPICIOUS_MOVE = YES;
				CLANG_WARN_UNGUARDED_AVAILABILITY = YES_AGGRESSIVE;
				CLANG_WARN_UNREACHABLE_CODE = YES;
				CLANG_WARN__DUPLICATE_METHOD_MATCH = YES;
				CODE_SIGN_IDENTITY = "iPhone Developer";
				COPY_PHASE_STRIP = NO;
				DEBUG_INFORMATION_FORMAT = "dwarf-with-dsym";
				ENABLE_NS_ASSERTIONS = NO;
				ENABLE_STRICT_OBJC_MSGSEND = YES;
				GCC_C_LANGUAGE_STANDARD = gnu11;
				GCC_NO_COMMON_BLOCKS = YES;
				GCC_WARN_64_TO_32_BIT_CONVERSION = YES;
				GCC_WARN_ABOUT_RETURN_TYPE = YES_ERROR;
				GCC_WARN_UNDECLARED_SELECTOR = YES;
				GCC_WARN_UNINITIALIZED_AUTOS = YES_AGGRESSIVE;
				GCC_WARN_UNUSED_FUNCTION = YES;
				GCC_WARN_UNUSED_VARIABLE = YES;
				IPHONEOS_DEPLOYMENT_TARGET = 11.2;
				MTL_ENABLE_DEBUG_INFO = NO;
				SDKROOT = iphoneos;
				VALIDATE_PRODUCT = YES;
			};
			name = Release;
		};
		8A8C97022076A47B0015ADB2 /* Debug */ = {
			isa = XCBuildConfiguration;
			baseConfigurationReference = 657AA9E6CADCE46CAEB7FB22 /* Pods-ALImageLabrary.debug.xcconfig */;
			buildSettings = {
				ASSETCATALOG_COMPILER_APPICON_NAME = AppIcon;
				CODE_SIGN_STYLE = Automatic;
				DEVELOPMENT_TEAM = 447Y8EV9ZH;
				GCC_PRECOMPILE_PREFIX_HEADER = YES;
				GCC_PREFIX_HEADER = "$(SRCROOT)/$(PROJECT_NAME)/ALImageLabrary-Prefix.pch";
				INFOPLIST_FILE = "$(SRCROOT)/ALImageLabrary/Info.plist";
				IPHONEOS_DEPLOYMENT_TARGET = 9.0;
				LD_RUNPATH_SEARCH_PATHS = "$(inherited) @executable_path/Frameworks";
				PRODUCT_BUNDLE_IDENTIFIER = Home.ALImageLabrary;
				PRODUCT_NAME = "$(TARGET_NAME)";
				TARGETED_DEVICE_FAMILY = "1,2";
			};
			name = Debug;
		};
		8A8C97032076A47B0015ADB2 /* Release */ = {
			isa = XCBuildConfiguration;
			baseConfigurationReference = 352E54C107CEC9E42EEB617C /* Pods-ALImageLabrary.release.xcconfig */;
			buildSettings = {
				ASSETCATALOG_COMPILER_APPICON_NAME = AppIcon;
				CODE_SIGN_STYLE = Automatic;
				DEVELOPMENT_TEAM = 447Y8EV9ZH;
				GCC_PRECOMPILE_PREFIX_HEADER = YES;
				INFOPLIST_FILE = "$(SRCROOT)/ALImageLabrary/Info.plist";
				IPHONEOS_DEPLOYMENT_TARGET = 9.0;
				LD_RUNPATH_SEARCH_PATHS = "$(inherited) @executable_path/Frameworks";
				PRODUCT_BUNDLE_IDENTIFIER = Home.ALImageLabrary;
				PRODUCT_NAME = "$(TARGET_NAME)";
				TARGETED_DEVICE_FAMILY = "1,2";
			};
			name = Release;
		};
		8A8C97052076A47B0015ADB2 /* Debug */ = {
			isa = XCBuildConfiguration;
			buildSettings = {
				BUNDLE_LOADER = "$(TEST_HOST)";
				CODE_SIGN_STYLE = Automatic;
				DEVELOPMENT_TEAM = 447Y8EV9ZH;
				INFOPLIST_FILE = ALImageLabraryTests/Info.plist;
				LD_RUNPATH_SEARCH_PATHS = "$(inherited) @executable_path/Frameworks @loader_path/Frameworks";
				PRODUCT_BUNDLE_IDENTIFIER = Home.ALImageLabraryTests;
				PRODUCT_NAME = "$(TARGET_NAME)";
				TARGETED_DEVICE_FAMILY = "1,2";
				TEST_HOST = "$(BUILT_PRODUCTS_DIR)/ALImageLabrary.app/ALImageLabrary";
			};
			name = Debug;
		};
		8A8C97062076A47B0015ADB2 /* Release */ = {
			isa = XCBuildConfiguration;
			buildSettings = {
				BUNDLE_LOADER = "$(TEST_HOST)";
				CODE_SIGN_STYLE = Automatic;
				DEVELOPMENT_TEAM = 447Y8EV9ZH;
				INFOPLIST_FILE = ALImageLabraryTests/Info.plist;
				LD_RUNPATH_SEARCH_PATHS = "$(inherited) @executable_path/Frameworks @loader_path/Frameworks";
				PRODUCT_BUNDLE_IDENTIFIER = Home.ALImageLabraryTests;
				PRODUCT_NAME = "$(TARGET_NAME)";
				TARGETED_DEVICE_FAMILY = "1,2";
				TEST_HOST = "$(BUILT_PRODUCTS_DIR)/ALImageLabrary.app/ALImageLabrary";
			};
			name = Release;
		};
		8A8C97082076A47B0015ADB2 /* Debug */ = {
			isa = XCBuildConfiguration;
			buildSettings = {
				CODE_SIGN_STYLE = Automatic;
				DEVELOPMENT_TEAM = 447Y8EV9ZH;
				INFOPLIST_FILE = ALImageLabraryUITests/Info.plist;
				LD_RUNPATH_SEARCH_PATHS = "$(inherited) @executable_path/Frameworks @loader_path/Frameworks";
				PRODUCT_BUNDLE_IDENTIFIER = Home.ALImageLabraryUITests;
				PRODUCT_NAME = "$(TARGET_NAME)";
				TARGETED_DEVICE_FAMILY = "1,2";
				TEST_TARGET_NAME = ALImageLabrary;
			};
			name = Debug;
		};
		8A8C97092076A47B0015ADB2 /* Release */ = {
			isa = XCBuildConfiguration;
			buildSettings = {
				CODE_SIGN_STYLE = Automatic;
				DEVELOPMENT_TEAM = 447Y8EV9ZH;
				INFOPLIST_FILE = ALImageLabraryUITests/Info.plist;
				LD_RUNPATH_SEARCH_PATHS = "$(inherited) @executable_path/Frameworks @loader_path/Frameworks";
				PRODUCT_BUNDLE_IDENTIFIER = Home.ALImageLabraryUITests;
				PRODUCT_NAME = "$(TARGET_NAME)";
				TARGETED_DEVICE_FAMILY = "1,2";
				TEST_TARGET_NAME = ALImageLabrary;
			};
			name = Release;
		};
/* End XCBuildConfiguration section */

/* Begin XCConfigurationList section */
		8A8C96D02076A47A0015ADB2 /* Build configuration list for PBXProject "ALImageLabrary" */ = {
			isa = XCConfigurationList;
			buildConfigurations = (
				8A8C96FF2076A47B0015ADB2 /* Debug */,
				8A8C97002076A47B0015ADB2 /* Release */,
			);
			defaultConfigurationIsVisible = 0;
			defaultConfigurationName = Release;
		};
		8A8C97012076A47B0015ADB2 /* Build configuration list for PBXNativeTarget "ALImageLabrary" */ = {
			isa = XCConfigurationList;
			buildConfigurations = (
				8A8C97022076A47B0015ADB2 /* Debug */,
				8A8C97032076A47B0015ADB2 /* Release */,
			);
			defaultConfigurationIsVisible = 0;
			defaultConfigurationName = Release;
		};
		8A8C97042076A47B0015ADB2 /* Build configuration list for PBXNativeTarget "ALImageLabraryTests" */ = {
			isa = XCConfigurationList;
			buildConfigurations = (
				8A8C97052076A47B0015ADB2 /* Debug */,
				8A8C97062076A47B0015ADB2 /* Release */,
			);
			defaultConfigurationIsVisible = 0;
			defaultConfigurationName = Release;
		};
		8A8C97072076A47B0015ADB2 /* Build configuration list for PBXNativeTarget "ALImageLabraryUITests" */ = {
			isa = XCConfigurationList;
			buildConfigurations = (
				8A8C97082076A47B0015ADB2 /* Debug */,
				8A8C97092076A47B0015ADB2 /* Release */,
			);
			defaultConfigurationIsVisible = 0;
			defaultConfigurationName = Release;
		};
/* End XCConfigurationList section */
	};
	rootObject = 8A8C96CD2076A47A0015ADB2 /* Project object */;
}
